<Solution>
  <Project Path="ProductClientHub.Communication/ProductClientHub.Communication.csproj" Id="6dadbd8d-bcb2-429d-b241-59762719ca15" />
  <Project Path="ProductClientHub.Exceptions/ProductClientHub.Exceptions.csproj" Id="f54bb821-d7e5-403a-ab1d-4b7a9a2e3929" />
  <Project Path="ProductClientHub/ProductClientHub.csproj" Id="f0b2e727-312f-4109-8ca1-4ce876c2625a" />
</Solution>
